// !$*UTF8*$!
{
	archiveVersion = 1;
	classes = {
	};
	objectVersion = 50;
	objects = {

/* Begin PBXBuildFile section */
		A469E9132170A7CA00174EAD /* DDYLocalAuthTool.m in Sources */ = {isa = PBXBuildFile; fileRef = A469E90F2170A7CA00174EAD /* DDYLocalAuthTool.m */; };
		A469E9142170A7CA00174EAD /* DDYLocalAuth.strings in Resources */ = {isa = PBXBuildFile; fileRef = A469E9102170A7CA00174EAD /* DDYLocalAuth.strings */; };
		A469E91E2174218600174EAD /* DDYGestureLockSettingVC.m in Sources */ = {isa = PBXBuildFile; fileRef = A469E91D2174218600174EAD /* DDYGestureLockSettingVC.m */; };
		A469E9432174652A00174EAD /* DDYGestureCircle.m in Sources */ = {isa = PBXBuildFile; fileRef = A469E9422174652A00174EAD /* DDYGestureCircle.m */; };
		A469E94621746CE100174EAD /* DDYGestureLockConfig.m in Sources */ = {isa = PBXBuildFile; fileRef = A469E94421746CE000174EAD /* DDYGestureLockConfig.m */; };
		A469E9492174778F00174EAD /* DDYGestureLockView.m in Sources */ = {isa = PBXBuildFile; fileRef = A469E9482174778F00174EAD /* DDYGestureLockView.m */; };
		A469E94C217477AD00174EAD /* DDYGestureInfoView.m in Sources */ = {isa = PBXBuildFile; fileRef = A469E94B217477AD00174EAD /* DDYGestureInfoView.m */; };
		A469E96721749EE900174EAD /* MASCompositeConstraint.m in Sources */ = {isa = PBXBuildFile; fileRef = A469E94F21749EE900174EAD /* MASCompositeConstraint.m */; };
		A469E96821749EE900174EAD /* MASConstraint.m in Sources */ = {isa = PBXBuildFile; fileRef = A469E95221749EE900174EAD /* MASConstraint.m */; };
		A469E96921749EE900174EAD /* MASConstraintMaker.m in Sources */ = {isa = PBXBuildFile; fileRef = A469E95421749EE900174EAD /* MASConstraintMaker.m */; };
		A469E96A21749EE900174EAD /* MASLayoutConstraint.m in Sources */ = {isa = PBXBuildFile; fileRef = A469E95621749EE900174EAD /* MASLayoutConstraint.m */; };
		A469E96B21749EE900174EAD /* MASViewAttribute.m in Sources */ = {isa = PBXBuildFile; fileRef = A469E95A21749EE900174EAD /* MASViewAttribute.m */; };
		A469E96C21749EE900174EAD /* MASViewConstraint.m in Sources */ = {isa = PBXBuildFile; fileRef = A469E95C21749EE900174EAD /* MASViewConstraint.m */; };
		A469E96D21749EE900174EAD /* NSArray+MASAdditions.m in Sources */ = {isa = PBXBuildFile; fileRef = A469E95E21749EE900174EAD /* NSArray+MASAdditions.m */; };
		A469E96E21749EE900174EAD /* NSLayoutConstraint+MASDebugAdditions.m in Sources */ = {isa = PBXBuildFile; fileRef = A469E96121749EE900174EAD /* NSLayoutConstraint+MASDebugAdditions.m */; };
		A469E96F21749EE900174EAD /* View+MASAdditions.m in Sources */ = {isa = PBXBuildFile; fileRef = A469E96321749EE900174EAD /* View+MASAdditions.m */; };
		A469E97021749EE900174EAD /* ViewController+MASAdditions.m in Sources */ = {isa = PBXBuildFile; fileRef = A469E96621749EE900174EAD /* ViewController+MASAdditions.m */; };
		A469E973217574CA00174EAD /* DDYGestureLockLabel.m in Sources */ = {isa = PBXBuildFile; fileRef = A469E972217574CA00174EAD /* DDYGestureLockLabel.m */; };
		A469E9762175792D00174EAD /* DDYGestureLockLoginVC.m in Sources */ = {isa = PBXBuildFile; fileRef = A469E9752175792D00174EAD /* DDYGestureLockLoginVC.m */; };
		A469E97921757B8D00174EAD /* DDYGestureLockVerifyVC.m in Sources */ = {isa = PBXBuildFile; fileRef = A469E97821757B8D00174EAD /* DDYGestureLockVerifyVC.m */; };
		A4AA95FB21702FDF00902BBD /* AppDelegate.m in Sources */ = {isa = PBXBuildFile; fileRef = A4AA95EF21702FDF00902BBD /* AppDelegate.m */; };
		A4AA95FC21702FDF00902BBD /* LaunchScreen.storyboard in Resources */ = {isa = PBXBuildFile; fileRef = A4AA95F021702FDF00902BBD /* LaunchScreen.storyboard */; };
		A4AA95FE21702FDF00902BBD /* Info.plist in Resources */ = {isa = PBXBuildFile; fileRef = A4AA95F321702FDF00902BBD /* Info.plist */; };
		A4AA960021702FDF00902BBD /* main.m in Sources */ = {isa = PBXBuildFile; fileRef = A4AA95F621702FDF00902BBD /* main.m */; };
		A4AA960121702FDF00902BBD /* ViewController.m in Sources */ = {isa = PBXBuildFile; fileRef = A4AA95F821702FDF00902BBD /* ViewController.m */; };
		A4AA9615217035D400902BBD /* DDYGestureLock.strings in Resources */ = {isa = PBXBuildFile; fileRef = A4AA9617217035D400902BBD /* DDYGestureLock.strings */; };
		A4AA961B217035F800902BBD /* DDYNumberLock.strings in Resources */ = {isa = PBXBuildFile; fileRef = A4AA961D217035F800902BBD /* DDYNumberLock.strings */; };
/* End PBXBuildFile section */

/* Begin PBXFileReference section */
		A469E90E2170A7CA00174EAD /* DDYLocalAuthTool.h */ = {isa = PBXFileReference; fileEncoding = 4; lastKnownFileType = sourcecode.c.h; path = DDYLocalAuthTool.h; sourceTree = "<group>"; };
		A469E90F2170A7CA00174EAD /* DDYLocalAuthTool.m */ = {isa = PBXFileReference; fileEncoding = 4; lastKnownFileType = sourcecode.c.objc; path = DDYLocalAuthTool.m; sourceTree = "<group>"; };
		A469E9112170A7CA00174EAD /* en */ = {isa = PBXFileReference; lastKnownFileType = text.plist.strings; name = en; path = en.lproj/DDYLocalAuth.strings; sourceTree = "<group>"; };
		A469E9122170A7CA00174EAD /* zh-Hans */ = {isa = PBXFileReference; lastKnownFileType = text.plist.strings; name = "zh-Hans"; path = "zh-Hans.lproj/DDYLocalAuth.strings"; sourceTree = "<group>"; };
		A469E91C2174218600174EAD /* DDYGestureLockSettingVC.h */ = {isa = PBXFileReference; lastKnownFileType = sourcecode.c.h; path = DDYGestureLockSettingVC.h; sourceTree = "<group>"; };
		A469E91D2174218600174EAD /* DDYGestureLockSettingVC.m */ = {isa = PBXFileReference; lastKnownFileType = sourcecode.c.objc; path = DDYGestureLockSettingVC.m; sourceTree = "<group>"; };
		A469E9412174652A00174EAD /* DDYGestureCircle.h */ = {isa = PBXFileReference; lastKnownFileType = sourcecode.c.h; path = DDYGestureCircle.h; sourceTree = "<group>"; };
		A469E9422174652A00174EAD /* DDYGestureCircle.m */ = {isa = PBXFileReference; lastKnownFileType = sourcecode.c.objc; path = DDYGestureCircle.m; sourceTree = "<group>"; };
		A469E94421746CE000174EAD /* DDYGestureLockConfig.m */ = {isa = PBXFileReference; fileEncoding = 4; lastKnownFileType = sourcecode.c.objc; path = DDYGestureLockConfig.m; sourceTree = "<group>"; };
		A469E94521746CE100174EAD /* DDYGestureLockConfig.h */ = {isa = PBXFileReference; fileEncoding = 4; lastKnownFileType = sourcecode.c.h; path = DDYGestureLockConfig.h; sourceTree = "<group>"; };
		A469E9472174778F00174EAD /* DDYGestureLockView.h */ = {isa = PBXFileReference; lastKnownFileType = sourcecode.c.h; path = DDYGestureLockView.h; sourceTree = "<group>"; };
		A469E9482174778F00174EAD /* DDYGestureLockView.m */ = {isa = PBXFileReference; lastKnownFileType = sourcecode.c.objc; path = DDYGestureLockView.m; sourceTree = "<group>"; };
		A469E94A217477AD00174EAD /* DDYGestureInfoView.h */ = {isa = PBXFileReference; lastKnownFileType = sourcecode.c.h; path = DDYGestureInfoView.h; sourceTree = "<group>"; };
		A469E94B217477AD00174EAD /* DDYGestureInfoView.m */ = {isa = PBXFileReference; lastKnownFileType = sourcecode.c.objc; path = DDYGestureInfoView.m; sourceTree = "<group>"; };
		A469E94E21749EE900174EAD /* MASCompositeConstraint.h */ = {isa = PBXFileReference; fileEncoding = 4; lastKnownFileType = sourcecode.c.h; path = MASCompositeConstraint.h; sourceTree = "<group>"; };
		A469E94F21749EE900174EAD /* MASCompositeConstraint.m */ = {isa = PBXFileReference; fileEncoding = 4; lastKnownFileType = sourcecode.c.objc; path = MASCompositeConstraint.m; sourceTree = "<group>"; };
		A469E95021749EE900174EAD /* MASConstraint+Private.h */ = {isa = PBXFileReference; fileEncoding = 4; lastKnownFileType = sourcecode.c.h; path = "MASConstraint+Private.h"; sourceTree = "<group>"; };
		A469E95121749EE900174EAD /* MASConstraint.h */ = {isa = PBXFileReference; fileEncoding = 4; lastKnownFileType = sourcecode.c.h; path = MASConstraint.h; sourceTree = "<group>"; };
		A469E95221749EE900174EAD /* MASConstraint.m */ = {isa = PBXFileReference; fileEncoding = 4; lastKnownFileType = sourcecode.c.objc; path = MASConstraint.m; sourceTree = "<group>"; };
		A469E95321749EE900174EAD /* MASConstraintMaker.h */ = {isa = PBXFileReference; fileEncoding = 4; lastKnownFileType = sourcecode.c.h; path = MASConstraintMaker.h; sourceTree = "<group>"; };
		A469E95421749EE900174EAD /* MASConstraintMaker.m */ = {isa = PBXFileReference; fileEncoding = 4; lastKnownFileType = sourcecode.c.objc; path = MASConstraintMaker.m; sourceTree = "<group>"; };
		A469E95521749EE900174EAD /* MASLayoutConstraint.h */ = {isa = PBXFileReference; fileEncoding = 4; lastKnownFileType = sourcecode.c.h; path = MASLayoutConstraint.h; sourceTree = "<group>"; };
		A469E95621749EE900174EAD /* MASLayoutConstraint.m */ = {isa = PBXFileReference; fileEncoding = 4; lastKnownFileType = sourcecode.c.objc; path = MASLayoutConstraint.m; sourceTree = "<group>"; };
		A469E95721749EE900174EAD /* Masonry.h */ = {isa = PBXFileReference; fileEncoding = 4; lastKnownFileType = sourcecode.c.h; path = Masonry.h; sourceTree = "<group>"; };
		A469E95821749EE900174EAD /* MASUtilities.h */ = {isa = PBXFileReference; fileEncoding = 4; lastKnownFileType = sourcecode.c.h; path = MASUtilities.h; sourceTree = "<group>"; };
		A469E95921749EE900174EAD /* MASViewAttribute.h */ = {isa = PBXFileReference; fileEncoding = 4; lastKnownFileType = sourcecode.c.h; path = MASViewAttribute.h; sourceTree = "<group>"; };
		A469E95A21749EE900174EAD /* MASViewAttribute.m */ = {isa = PBXFileReference; fileEncoding = 4; lastKnownFileType = sourcecode.c.objc; path = MASViewAttribute.m; sourceTree = "<group>"; };
		A469E95B21749EE900174EAD /* MASViewConstraint.h */ = {isa = PBXFileReference; fileEncoding = 4; lastKnownFileType = sourcecode.c.h; path = MASViewConstraint.h; sourceTree = "<group>"; };
		A469E95C21749EE900174EAD /* MASViewConstraint.m */ = {isa = PBXFileReference; fileEncoding = 4; lastKnownFileType = sourcecode.c.objc; path = MASViewConstraint.m; sourceTree = "<group>"; };
		A469E95D21749EE900174EAD /* NSArray+MASAdditions.h */ = {isa = PBXFileReference; fileEncoding = 4; lastKnownFileType = sourcecode.c.h; path = "NSArray+MASAdditions.h"; sourceTree = "<group>"; };
		A469E95E21749EE900174EAD /* NSArray+MASAdditions.m */ = {isa = PBXFileReference; fileEncoding = 4; lastKnownFileType = sourcecode.c.objc; path = "NSArray+MASAdditions.m"; sourceTree = "<group>"; };
		A469E95F21749EE900174EAD /* NSArray+MASShorthandAdditions.h */ = {isa = PBXFileReference; fileEncoding = 4; lastKnownFileType = sourcecode.c.h; path = "NSArray+MASShorthandAdditions.h"; sourceTree = "<group>"; };
		A469E96021749EE900174EAD /* NSLayoutConstraint+MASDebugAdditions.h */ = {isa = PBXFileReference; fileEncoding = 4; lastKnownFileType = sourcecode.c.h; path = "NSLayoutConstraint+MASDebugAdditions.h"; sourceTree = "<group>"; };
		A469E96121749EE900174EAD /* NSLayoutConstraint+MASDebugAdditions.m */ = {isa = PBXFileReference; fileEncoding = 4; lastKnownFileType = sourcecode.c.objc; path = "NSLayoutConstraint+MASDebugAdditions.m"; sourceTree = "<group>"; };
		A469E96221749EE900174EAD /* View+MASAdditions.h */ = {isa = PBXFileReference; fileEncoding = 4; lastKnownFileType = sourcecode.c.h; path = "View+MASAdditions.h"; sourceTree = "<group>"; };
		A469E96321749EE900174EAD /* View+MASAdditions.m */ = {isa = PBXFileReference; fileEncoding = 4; lastKnownFileType = sourcecode.c.objc; path = "View+MASAdditions.m"; sourceTree = "<group>"; };
		A469E96421749EE900174EAD /* View+MASShorthandAdditions.h */ = {isa = PBXFileReference; fileEncoding = 4; lastKnownFileType = sourcecode.c.h; path = "View+MASShorthandAdditions.h"; sourceTree = "<group>"; };
		A469E96521749EE900174EAD /* ViewController+MASAdditions.h */ = {isa = PBXFileReference; fileEncoding = 4; lastKnownFileType = sourcecode.c.h; path = "ViewController+MASAdditions.h"; sourceTree = "<group>"; };
		A469E96621749EE900174EAD /* ViewController+MASAdditions.m */ = {isa = PBXFileReference; fileEncoding = 4; lastKnownFileType = sourcecode.c.objc; path = "ViewController+MASAdditions.m"; sourceTree = "<group>"; };
		A469E971217574CA00174EAD /* DDYGestureLockLabel.h */ = {isa = PBXFileReference; lastKnownFileType = sourcecode.c.h; path = DDYGestureLockLabel.h; sourceTree = "<group>"; };
		A469E972217574CA00174EAD /* DDYGestureLockLabel.m */ = {isa = PBXFileReference; lastKnownFileType = sourcecode.c.objc; path = DDYGestureLockLabel.m; sourceTree = "<group>"; };
		A469E9742175792D00174EAD /* DDYGestureLockLoginVC.h */ = {isa = PBXFileReference; lastKnownFileType = sourcecode.c.h; path = DDYGestureLockLoginVC.h; sourceTree = "<group>"; };
		A469E9752175792D00174EAD /* DDYGestureLockLoginVC.m */ = {isa = PBXFileReference; lastKnownFileType = sourcecode.c.objc; path = DDYGestureLockLoginVC.m; sourceTree = "<group>"; };
		A469E97721757B8D00174EAD /* DDYGestureLockVerifyVC.h */ = {isa = PBXFileReference; lastKnownFileType = sourcecode.c.h; path = DDYGestureLockVerifyVC.h; sourceTree = "<group>"; };
		A469E97821757B8D00174EAD /* DDYGestureLockVerifyVC.m */ = {isa = PBXFileReference; lastKnownFileType = sourcecode.c.objc; path = DDYGestureLockVerifyVC.m; sourceTree = "<group>"; };
		A4AA95D721702F7600902BBD /* DDYLockView.app */ = {isa = PBXFileReference; explicitFileType = wrapper.application; includeInIndex = 0; path = DDYLockView.app; sourceTree = BUILT_PRODUCTS_DIR; };
		A4AA95EE21702FDF00902BBD /* AppDelegate.h */ = {isa = PBXFileReference; fileEncoding = 4; lastKnownFileType = sourcecode.c.h; path = AppDelegate.h; sourceTree = "<group>"; };
		A4AA95EF21702FDF00902BBD /* AppDelegate.m */ = {isa = PBXFileReference; fileEncoding = 4; lastKnownFileType = sourcecode.c.objc; path = AppDelegate.m; sourceTree = "<group>"; };
		A4AA95F121702FDF00902BBD /* Base */ = {isa = PBXFileReference; lastKnownFileType = file.storyboard; name = Base; path = Base.lproj/LaunchScreen.storyboard; sourceTree = "<group>"; };
		A4AA95F321702FDF00902BBD /* Info.plist */ = {isa = PBXFileReference; fileEncoding = 4; lastKnownFileType = text.plist.xml; path = Info.plist; sourceTree = "<group>"; };
		A4AA95F621702FDF00902BBD /* main.m */ = {isa = PBXFileReference; fileEncoding = 4; lastKnownFileType = sourcecode.c.objc; path = main.m; sourceTree = "<group>"; };
		A4AA95F721702FDF00902BBD /* ViewController.h */ = {isa = PBXFileReference; fileEncoding = 4; lastKnownFileType = sourcecode.c.h; path = ViewController.h; sourceTree = "<group>"; };
		A4AA95F821702FDF00902BBD /* ViewController.m */ = {isa = PBXFileReference; fileEncoding = 4; lastKnownFileType = sourcecode.c.objc; path = ViewController.m; sourceTree = "<group>"; };
		A4AA9616217035D400902BBD /* en */ = {isa = PBXFileReference; lastKnownFileType = text.plist.strings; name = en; path = en.lproj/DDYGestureLock.strings; sourceTree = "<group>"; };
		A4AA9618217035D500902BBD /* zh-Hans */ = {isa = PBXFileReference; lastKnownFileType = text.plist.strings; name = "zh-Hans"; path = "zh-Hans.lproj/DDYGestureLock.strings"; sourceTree = "<group>"; };
		A4AA961C217035F800902BBD /* en */ = {isa = PBXFileReference; lastKnownFileType = text.plist.strings; name = en; path = en.lproj/DDYNumberLock.strings; sourceTree = "<group>"; };
		A4AA961E217035FF00902BBD /* zh-Hans */ = {isa = PBXFileReference; lastKnownFileType = text.plist.strings; name = "zh-Hans"; path = "zh-Hans.lproj/DDYNumberLock.strings"; sourceTree = "<group>"; };
/* End PBXFileReference section */

/* Begin PBXFrameworksBuildPhase section */
		A4AA95D421702F7600902BBD /* Frameworks */ = {
			isa = PBXFrameworksBuildPhase;
			buildActionMask = 2147483647;
			files = (
			);
			runOnlyForDeploymentPostprocessing = 0;
		};
/* End PBXFrameworksBuildPhase section */

/* Begin PBXGroup section */
		A469E90D2170A7CA00174EAD /* DDYLocalAuth */ = {
			isa = PBXGroup;
			children = (
				A469E90E2170A7CA00174EAD /* DDYLocalAuthTool.h */,
				A469E90F2170A7CA00174EAD /* DDYLocalAuthTool.m */,
				A469E9102170A7CA00174EAD /* DDYLocalAuth.strings */,
			);
			path = DDYLocalAuth;
			sourceTree = "<group>";
		};
		A469E94D21749EE900174EAD /* Masonry */ = {
			isa = PBXGroup;
			children = (
				A469E94E21749EE900174EAD /* MASCompositeConstraint.h */,
				A469E94F21749EE900174EAD /* MASCompositeConstraint.m */,
				A469E95021749EE900174EAD /* MASConstraint+Private.h */,
				A469E95121749EE900174EAD /* MASConstraint.h */,
				A469E95221749EE900174EAD /* MASConstraint.m */,
				A469E95321749EE900174EAD /* MASConstraintMaker.h */,
				A469E95421749EE900174EAD /* MASConstraintMaker.m */,
				A469E95521749EE900174EAD /* MASLayoutConstraint.h */,
				A469E95621749EE900174EAD /* MASLayoutConstraint.m */,
				A469E95721749EE900174EAD /* Masonry.h */,
				A469E95821749EE900174EAD /* MASUtilities.h */,
				A469E95921749EE900174EAD /* MASViewAttribute.h */,
				A469E95A21749EE900174EAD /* MASViewAttribute.m */,
				A469E95B21749EE900174EAD /* MASViewConstraint.h */,
				A469E95C21749EE900174EAD /* MASViewConstraint.m */,
				A469E95D21749EE900174EAD /* NSArray+MASAdditions.h */,
				A469E95E21749EE900174EAD /* NSArray+MASAdditions.m */,
				A469E95F21749EE900174EAD /* NSArray+MASShorthandAdditions.h */,
				A469E96021749EE900174EAD /* NSLayoutConstraint+MASDebugAdditions.h */,
				A469E96121749EE900174EAD /* NSLayoutConstraint+MASDebugAdditions.m */,
				A469E96221749EE900174EAD /* View+MASAdditions.h */,
				A469E96321749EE900174EAD /* View+MASAdditions.m */,
				A469E96421749EE900174EAD /* View+MASShorthandAdditions.h */,
				A469E96521749EE900174EAD /* ViewController+MASAdditions.h */,
				A469E96621749EE900174EAD /* ViewController+MASAdditions.m */,
			);
			path = Masonry;
			sourceTree = "<group>";
		};
		A4AA95CE21702F7500902BBD = {
			isa = PBXGroup;
			children = (
				A4AA95D921702F7600902BBD /* DDYLockView */,
				A4AA95D821702F7600902BBD /* Products */,
			);
			sourceTree = "<group>";
		};
		A4AA95D821702F7600902BBD /* Products */ = {
			isa = PBXGroup;
			children = (
				A4AA95D721702F7600902BBD /* DDYLockView.app */,
			);
			name = Products;
			sourceTree = "<group>";
		};
		A4AA95D921702F7600902BBD /* DDYLockView */ = {
			isa = PBXGroup;
			children = (
				A469E94D21749EE900174EAD /* Masonry */,
				A469E90D2170A7CA00174EAD /* DDYLocalAuth */,
				A4AA960321702FF100902BBD /* DDYNumberLockView */,
				A4AA960221702FE100902BBD /* DDYGestureLockView */,
				A4AA95ED21702FDF00902BBD /* System */,
			);
			path = DDYLockView;
			sourceTree = "<group>";
		};
		A4AA95ED21702FDF00902BBD /* System */ = {
			isa = PBXGroup;
			children = (
				A4AA95EE21702FDF00902BBD /* AppDelegate.h */,
				A4AA95EF21702FDF00902BBD /* AppDelegate.m */,
				A4AA95F021702FDF00902BBD /* LaunchScreen.storyboard */,
				A4AA95F321702FDF00902BBD /* Info.plist */,
				A4AA95F621702FDF00902BBD /* main.m */,
				A4AA95F721702FDF00902BBD /* ViewController.h */,
				A4AA95F821702FDF00902BBD /* ViewController.m */,
			);
			path = System;
			sourceTree = "<group>";
		};
		A4AA960221702FE100902BBD /* DDYGestureLockView */ = {
			isa = PBXGroup;
			children = (
				A469E94521746CE100174EAD /* DDYGestureLockConfig.h */,
				A469E94421746CE000174EAD /* DDYGestureLockConfig.m */,
				A469E9412174652A00174EAD /* DDYGestureCircle.h */,
				A469E9422174652A00174EAD /* DDYGestureCircle.m */,
				A469E9472174778F00174EAD /* DDYGestureLockView.h */,
				A469E9482174778F00174EAD /* DDYGestureLockView.m */,
				A469E94A217477AD00174EAD /* DDYGestureInfoView.h */,
				A469E94B217477AD00174EAD /* DDYGestureInfoView.m */,
				A469E971217574CA00174EAD /* DDYGestureLockLabel.h */,
				A469E972217574CA00174EAD /* DDYGestureLockLabel.m */,
				A469E91C2174218600174EAD /* DDYGestureLockSettingVC.h */,
				A469E91D2174218600174EAD /* DDYGestureLockSettingVC.m */,
				A469E97721757B8D00174EAD /* DDYGestureLockVerifyVC.h */,
				A469E97821757B8D00174EAD /* DDYGestureLockVerifyVC.m */,
				A469E9742175792D00174EAD /* DDYGestureLockLoginVC.h */,
				A469E9752175792D00174EAD /* DDYGestureLockLoginVC.m */,
				A4AA9617217035D400902BBD /* DDYGestureLock.strings */,
			);
			path = DDYGestureLockView;
			sourceTree = "<group>";
		};
		A4AA960321702FF100902BBD /* DDYNumberLockView */ = {
			isa = PBXGroup;
			children = (
				A4AA961D217035F800902BBD /* DDYNumberLock.strings */,
			);
			path = DDYNumberLockView;
			sourceTree = "<group>";
		};
/* End PBXGroup section */

/* Begin PBXNativeTarget section */
		A4AA95D621702F7600902BBD /* DDYLockView */ = {
			isa = PBXNativeTarget;
			buildConfigurationList = A4AA95EA21702F8500902BBD /* Build configuration list for PBXNativeTarget "DDYLockView" */;
			buildPhases = (
				A4AA95D321702F7600902BBD /* Sources */,
				A4AA95D421702F7600902BBD /* Frameworks */,
				A4AA95D521702F7600902BBD /* Resources */,
			);
			buildRules = (
			);
			dependencies = (
			);
			name = DDYLockView;
			productName = DDYLockView;
			productReference = A4AA95D721702F7600902BBD /* DDYLockView.app */;
			productType = "com.apple.product-type.application";
		};
/* End PBXNativeTarget section */

/* Begin PBXProject section */
		A4AA95CF21702F7600902BBD /* Project object */ = {
			isa = PBXProject;
			attributes = {
				LastUpgradeCheck = 0930;
				ORGANIZATIONNAME = com.smartmesh;
				TargetAttributes = {
					A4AA95D621702F7600902BBD = {
						CreatedOnToolsVersion = 9.3;
					};
				};
			};
			buildConfigurationList = A4AA95D221702F7600902BBD /* Build configuration list for PBXProject "DDYLockView" */;
			compatibilityVersion = "Xcode 9.3";
			developmentRegion = en;
			hasScannedForEncodings = 0;
			knownRegions = (
				en,
				Base,
				"zh-Hans",
			);
			mainGroup = A4AA95CE21702F7500902BBD;
			productRefGroup = A4AA95D821702F7600902BBD /* Products */;
			projectDirPath = "";
			projectRoot = "";
			targets = (
				A4AA95D621702F7600902BBD /* DDYLockView */,
			);
		};
/* End PBXProject section */

/* Begin PBXResourcesBuildPhase section */
		A4AA95D521702F7600902BBD /* Resources */ = {
			isa = PBXResourcesBuildPhase;
			buildActionMask = 2147483647;
			files = (
				A4AA961B217035F800902BBD /* DDYNumberLock.strings in Resources */,
				A4AA95FC21702FDF00902BBD /* LaunchScreen.storyboard in Resources */,
				A4AA9615217035D400902BBD /* DDYGestureLock.strings in Resources */,
				A4AA95FE21702FDF00902BBD /* Info.plist in Resources */,
				A469E9142170A7CA00174EAD /* DDYLocalAuth.strings in Resources */,
			);
			runOnlyForDeploymentPostprocessing = 0;
		};
/* End PBXResourcesBuildPhase section */

/* Begin PBXSourcesBuildPhase section */
		A4AA95D321702F7600902BBD /* Sources */ = {
			isa = PBXSourcesBuildPhase;
			buildActionMask = 2147483647;
			files = (
				A469E96C21749EE900174EAD /* MASViewConstraint.m in Sources */,
				A469E9432174652A00174EAD /* DDYGestureCircle.m in Sources */,
				A469E96B21749EE900174EAD /* MASViewAttribute.m in Sources */,
				A469E94621746CE100174EAD /* DDYGestureLockConfig.m in Sources */,
				A469E9132170A7CA00174EAD /* DDYLocalAuthTool.m in Sources */,
				A469E9762175792D00174EAD /* DDYGestureLockLoginVC.m in Sources */,
				A469E9492174778F00174EAD /* DDYGestureLockView.m in Sources */,
				A469E96721749EE900174EAD /* MASCompositeConstraint.m in Sources */,
				A469E96921749EE900174EAD /* MASConstraintMaker.m in Sources */,
				A469E96F21749EE900174EAD /* View+MASAdditions.m in Sources */,
				A469E973217574CA00174EAD /* DDYGestureLockLabel.m in Sources */,
				A469E96A21749EE900174EAD /* MASLayoutConstraint.m in Sources */,
				A469E97021749EE900174EAD /* ViewController+MASAdditions.m in Sources */,
				A469E96821749EE900174EAD /* MASConstraint.m in Sources */,
				A4AA960121702FDF00902BBD /* ViewController.m in Sources */,
				A469E94C217477AD00174EAD /* DDYGestureInfoView.m in Sources */,
				A469E97921757B8D00174EAD /* DDYGestureLockVerifyVC.m in Sources */,
				A469E96D21749EE900174EAD /* NSArray+MASAdditions.m in Sources */,
				A469E96E21749EE900174EAD /* NSLayoutConstraint+MASDebugAdditions.m in Sources */,
				A4AA960021702FDF00902BBD /* main.m in Sources */,
				A4AA95FB21702FDF00902BBD /* AppDelegate.m in Sources */,
				A469E91E2174218600174EAD /* DDYGestureLockSettingVC.m in Sources */,
			);
			runOnlyForDeploymentPostprocessing = 0;
		};
/* End PBXSourcesBuildPhase section */

/* Begin PBXVariantGroup section */
		A469E9102170A7CA00174EAD /* DDYLocalAuth.strings */ = {
			isa = PBXVariantGroup;
			children = (
				A469E9112170A7CA00174EAD /* en */,
				A469E9122170A7CA00174EAD /* zh-Hans */,
			);
			name = DDYLocalAuth.strings;
			sourceTree = "<group>";
		};
		A4AA95F021702FDF00902BBD /* LaunchScreen.storyboard */ = {
			isa = PBXVariantGroup;
			children = (
				A4AA95F121702FDF00902BBD /* Base */,
			);
			name = LaunchScreen.storyboard;
			sourceTree = "<group>";
		};
		A4AA9617217035D400902BBD /* DDYGestureLock.strings */ = {
			isa = PBXVariantGroup;
			children = (
				A4AA9616217035D400902BBD /* en */,
				A4AA9618217035D500902BBD /* zh-Hans */,
			);
			name = DDYGestureLock.strings;
			sourceTree = "<group>";
		};
		A4AA961D217035F800902BBD /* DDYNumberLock.strings */ = {
			isa = PBXVariantGroup;
			children = (
				A4AA961C217035F800902BBD /* en */,
				A4AA961E217035FF00902BBD /* zh-Hans */,
			);
			name = DDYNumberLock.strings;
			sourceTree = "<group>";
		};
/* End PBXVariantGroup section */

/* Begin XCBuildConfiguration section */
		A4AA95E821702F8500902BBD /* Debug */ = {
			isa = XCBuildConfiguration;
			buildSettings = {
				ALWAYS_SEARCH_USER_PATHS = NO;
				CLANG_ANALYZER_NONNULL = YES;
				CLANG_ANALYZER_NUMBER_OBJECT_CONVERSION = YES_AGGRESSIVE;
				CLANG_CXX_LANGUAGE_STANDARD = "gnu++14";
				CLANG_CXX_LIBRARY = "libc++";
				CLANG_ENABLE_MODULES = YES;
				CLANG_ENABLE_OBJC_ARC = YES;
				CLANG_ENABLE_OBJC_WEAK = YES;
				CLANG_WARN_BLOCK_CAPTURE_AUTORELEASING = YES;
				CLANG_WARN_BOOL_CONVERSION = YES;
				CLANG_WARN_COMMA = YES;
				CLANG_WARN_CONSTANT_CONVERSION = YES;
				CLANG_WARN_DEPRECATED_OBJC_IMPLEMENTATIONS = YES;
				CLANG_WARN_DIRECT_OBJC_ISA_USAGE = YES_ERROR;
				CLANG_WARN_DOCUMENTATION_COMMENTS = YES;
				CLANG_WARN_EMPTY_BODY = YES;
				CLANG_WARN_ENUM_CONVERSION = YES;
				CLANG_WARN_INFINITE_RECURSION = YES;
				CLANG_WARN_INT_CONVERSION = YES;
				CLANG_WARN_NON_LITERAL_NULL_CONVERSION = YES;
				CLANG_WARN_OBJC_IMPLICIT_RETAIN_SELF = YES;
				CLANG_WARN_OBJC_LITERAL_CONVERSION = YES;
				CLANG_WARN_OBJC_ROOT_CLASS = YES_ERROR;
				CLANG_WARN_RANGE_LOOP_ANALYSIS = YES;
				CLANG_WARN_STRICT_PROTOTYPES = YES;
				CLANG_WARN_SUSPICIOUS_MOVE = YES;
				CLANG_WARN_UNGUARDED_AVAILABILITY = YES_AGGRESSIVE;
				CLANG_WARN_UNREACHABLE_CODE = YES;
				CLANG_WARN__DUPLICATE_METHOD_MATCH = YES;
				CODE_SIGN_IDENTITY = "iPhone Developer";
				COPY_PHASE_STRIP = NO;
				DEBUG_INFORMATION_FORMAT = dwarf;
				ENABLE_STRICT_OBJC_MSGSEND = YES;
				ENABLE_TESTABILITY = YES;
				GCC_C_LANGUAGE_STANDARD = gnu11;
				GCC_DYNAMIC_NO_PIC = NO;
				GCC_NO_COMMON_BLOCKS = YES;
				GCC_OPTIMIZATION_LEVEL = 0;
				GCC_PREPROCESSOR_DEFINITIONS = (
					"DEBUG=1",
					"$(inherited)",
				);
				GCC_WARN_64_TO_32_BIT_CONVERSION = YES;
				GCC_WARN_ABOUT_RETURN_TYPE = YES_ERROR;
				GCC_WARN_UNDECLARED_SELECTOR = YES;
				GCC_WARN_UNINITIALIZED_AUTOS = YES_AGGRESSIVE;
				GCC_WARN_UNUSED_FUNCTION = YES;
				GCC_WARN_UNUSED_VARIABLE = YES;
				IPHONEOS_DEPLOYMENT_TARGET = 8.0;
				MTL_ENABLE_DEBUG_INFO = YES;
				ONLY_ACTIVE_ARCH = YES;
				SDKROOT = iphoneos;
			};
			name = Debug;
		};
		A4AA95E921702F8500902BBD /* Release */ = {
			isa = XCBuildConfiguration;
			buildSettings = {
				ALWAYS_SEARCH_USER_PATHS = NO;
				CLANG_ANALYZER_NONNULL = YES;
				CLANG_ANALYZER_NUMBER_OBJECT_CONVERSION = YES_AGGRESSIVE;
				CLANG_CXX_LANGUAGE_STANDARD = "gnu++14";
				CLANG_CXX_LIBRARY = "libc++";
				CLANG_ENABLE_MODULES = YES;
				CLANG_ENABLE_OBJC_ARC = YES;
				CLANG_ENABLE_OBJC_WEAK = YES;
				CLANG_WARN_BLOCK_CAPTURE_AUTORELEASING = YES;
				CLANG_WARN_BOOL_CONVERSION = YES;
				CLANG_WARN_COMMA = YES;
				CLANG_WARN_CONSTANT_CONVERSION = YES;
				CLANG_WARN_DEPRECATED_OBJC_IMPLEMENTATIONS = YES;
				CLANG_WARN_DIRECT_OBJC_ISA_USAGE = YES_ERROR;
				CLANG_WARN_DOCUMENTATION_COMMENTS = YES;
				CLANG_WARN_EMPTY_BODY = YES;
				CLANG_WARN_ENUM_CONVERSION = YES;
				CLANG_WARN_INFINITE_RECURSION = YES;
				CLANG_WARN_INT_CONVERSION = YES;
				CLANG_WARN_NON_LITERAL_NULL_CONVERSION = YES;
				CLANG_WARN_OBJC_IMPLICIT_RETAIN_SELF = YES;
				CLANG_WARN_OBJC_LITERAL_CONVERSION = YES;
				CLANG_WARN_OBJC_ROOT_CLASS = YES_ERROR;
				CLANG_WARN_RANGE_LOOP_ANALYSIS = YES;
				CLANG_WARN_STRICT_PROTOTYPES = YES;
				CLANG_WARN_SUSPICIOUS_MOVE = YES;
				CLANG_WARN_UNGUARDED_AVAILABILITY = YES_AGGRESSIVE;
				CLANG_WARN_UNREACHABLE_CODE = YES;
				CLANG_WARN__DUPLICATE_METHOD_MATCH = YES;
				CODE_SIGN_IDENTITY = "iPhone Developer";
				COPY_PHASE_STRIP = NO;
				DEBUG_INFORMATION_FORMAT = "dwarf-with-dsym";
				ENABLE_NS_ASSERTIONS = NO;
				ENABLE_STRICT_OBJC_MSGSEND = YES;
				GCC_C_LANGUAGE_STANDARD = gnu11;
				GCC_NO_COMMON_BLOCKS = YES;
				GCC_WARN_64_TO_32_BIT_CONVERSION = YES;
				GCC_WARN_ABOUT_RETURN_TYPE = YES_ERROR;
				GCC_WARN_UNDECLARED_SELECTOR = YES;
				GCC_WARN_UNINITIALIZED_AUTOS = YES_AGGRESSIVE;
				GCC_WARN_UNUSED_FUNCTION = YES;
				GCC_WARN_UNUSED_VARIABLE = YES;
				IPHONEOS_DEPLOYMENT_TARGET = 8.0;
				MTL_ENABLE_DEBUG_INFO = NO;
				SDKROOT = iphoneos;
				VALIDATE_PRODUCT = YES;
			};
			name = Release;
		};
		A4AA95EB21702F8500902BBD /* Debug */ = {
			isa = XCBuildConfiguration;
			buildSettings = {
				CODE_SIGN_STYLE = Automatic;
				DEVELOPMENT_TEAM = 23JJ7VRKJT;
				INFOPLIST_FILE = "$(SRCROOT)/DDYLockView/System/Info.plist";
				IPHONEOS_DEPLOYMENT_TARGET = 8.0;
				LD_RUNPATH_SEARCH_PATHS = (
					"$(inherited)",
					"@executable_path/Frameworks",
				);
				PRODUCT_BUNDLE_IDENTIFIER = com.smartmesh.smart2;
				PRODUCT_NAME = "$(TARGET_NAME)";
				TARGETED_DEVICE_FAMILY = "1,2";
			};
			name = Debug;
		};
		A4AA95EC21702F8500902BBD /* Release */ = {
			isa = XCBuildConfiguration;
			buildSettings = {
				CODE_SIGN_STYLE = Automatic;
				DEVELOPMENT_TEAM = 23JJ7VRKJT;
				INFOPLIST_FILE = "$(SRCROOT)/DDYLockView/System/Info.plist";
				IPHONEOS_DEPLOYMENT_TARGET = 8.0;
				LD_RUNPATH_SEARCH_PATHS = (
					"$(inherited)",
					"@executable_path/Frameworks",
				);
				PRODUCT_BUNDLE_IDENTIFIER = com.smartmesh.smart2;
				PRODUCT_NAME = "$(TARGET_NAME)";
				TARGETED_DEVICE_FAMILY = "1,2";
			};
			name = Release;
		};
/* End XCBuildConfiguration section */

/* Begin XCConfigurationList section */
		A4AA95D221702F7600902BBD /* Build configuration list for PBXProject "DDYLockView" */ = {
			isa = XCConfigurationList;
			buildConfigurations = (
				A4AA95E821702F8500902BBD /* Debug */,
				A4AA95E921702F8500902BBD /* Release */,
			);
			defaultConfigurationIsVisible = 0;
			defaultConfigurationName = Release;
		};
		A4AA95EA21702F8500902BBD /* Build configuration list for PBXNativeTarget "DDYLockView" */ = {
			isa = XCConfigurationList;
			buildConfigurations = (
				A4AA95EB21702F8500902BBD /* Debug */,
				A4AA95EC21702F8500902BBD /* Release */,
			);
			defaultConfigurationIsVisible = 0;
			defaultConfigurationName = Release;
		};
/* End XCConfigurationList section */
	};
	rootObject = A4AA95CF21702F7600902BBD /* Project object */;
}
